
Microsoft Visual Studio Solution File, Format Version 12.00
# Visual Studio Version 17
VisualStudioVersion = 17.14.36603.0
MinimumVisualStudioVersion = 10.0.40219.1
Project("{FAE04EC0-301F-11D3-BF4B-00C04F79EFBC}") = "MLNet", "MLNet\MLNet.csproj", "{29004371-6F9B-4E9A-9E30-9131757FAEB6}"
EndProject
Project("{2150E333-8FDC-42A3-9474-1A3956D46DE8}") = "ML.Net", "ML.Net", "{02EA681E-C7D8-13C7-8484-4AC65E1B71E8}"
EndProject
Project("{2150E333-8FDC-42A3-9474-1A3956D46DE8}") = "OpenAI Chat", "OpenAI Chat", "{785E8C06-8D36-4999-8F1D-9EEAE7295CFF}"
EndProject
Project("{FAE04EC0-301F-11D3-BF4B-00C04F79EFBC}") = "OpenAIChatConsole", "OpenAIChatConsole\OpenAIChatConsole.csproj", "{A46F94ED-B3CD-4CDB-8E8C-E9E34C4475E4}"
EndProject
Project("{2150E333-8FDC-42A3-9474-1A3956D46DE8}") = "OLLAMA", "OLLAMA", "{1420B8C2-464E-473B-826F-7C5B1D6EDC96}"
EndProject
Project("{FAE04EC0-301F-11D3-BF4B-00C04F79EFBC}") = "OllamaNet", "OllamaNet\OllamaNet.csproj", "{CC8BF35B-23AD-4A43-8176-00BD7B394731}"
EndProject
Project("{2150E333-8FDC-42A3-9474-1A3956D46DE8}") = "MLNet-OLLAMA", "MLNet-OLLAMA", "{A53817BA-AFCC-438A-849E-2A9997D5A253}"
EndProject
Project("{FAE04EC0-301F-11D3-BF4B-00C04F79EFBC}") = "MLOLLAMA", "MLOLLAMA\MLOLLAMA.csproj", "{811E46D2-384A-4708-98CA-16A4C948E52D}"
EndProject
Project("{2150E333-8FDC-42A3-9474-1A3956D46DE8}") = "QA", "QA", "{8767C4D1-EC1D-4667-B194-031175EA0AC8}"
EndProject
Project("{FAE04EC0-301F-11D3-BF4B-00C04F79EFBC}") = "QAOLlama", "QAOLlama\QAOLlama.csproj", "{87BFE1D0-1893-4228-B3C8-663CAAE8BD23}"
EndProject
Project("{2150E333-8FDC-42A3-9474-1A3956D46DE8}") = "AgenticAIChat", "AgenticAIChat", "{9C098036-A405-4CA6-9CC7-3A8A7BE265C0}"
EndProject
Project("{FAE04EC0-301F-11D3-BF4B-00C04F79EFBC}") = "OpenAIAgentApp", "..\OpenAIAgentApp\OpenAIAgentApp.csproj", "{CCD43EA4-EC40-4DF9-B34C-C023A169FB54}"
EndProject
Project("{FAE04EC0-301F-11D3-BF4B-00C04F79EFBC}") = "PricePredictorAgent", "..\PricePredictorAgent\PricePredictorAgent\PricePredictorAgent.csproj", "{A478AD9D-C770-4E77-863F-0937C7A64015}"
EndProject
Global
	GlobalSection(SolutionConfigurationPlatforms) = preSolution
		Debug|Any CPU = Debug|Any CPU
		Release|Any CPU = Release|Any CPU
	EndGlobalSection
	GlobalSection(ProjectConfigurationPlatforms) = postSolution
		{29004371-6F9B-4E9A-9E30-9131757FAEB6}.Debug|Any CPU.ActiveCfg = Debug|Any CPU
		{29004371-6F9B-4E9A-9E30-9131757FAEB6}.Debug|Any CPU.Build.0 = Debug|Any CPU
		{29004371-6F9B-4E9A-9E30-9131757FAEB6}.Release|Any CPU.ActiveCfg = Release|Any CPU
		{29004371-6F9B-4E9A-9E30-9131757FAEB6}.Release|Any CPU.Build.0 = Release|Any CPU
		{A46F94ED-B3CD-4CDB-8E8C-E9E34C4475E4}.Debug|Any CPU.ActiveCfg = Debug|Any CPU
		{A46F94ED-B3CD-4CDB-8E8C-E9E34C4475E4}.Debug|Any CPU.Build.0 = Debug|Any CPU
		{A46F94ED-B3CD-4CDB-8E8C-E9E34C4475E4}.Release|Any CPU.ActiveCfg = Release|Any CPU
		{A46F94ED-B3CD-4CDB-8E8C-E9E34C4475E4}.Release|Any CPU.Build.0 = Release|Any CPU
		{CC8BF35B-23AD-4A43-8176-00BD7B394731}.Debug|Any CPU.ActiveCfg = Debug|Any CPU
		{CC8BF35B-23AD-4A43-8176-00BD7B394731}.Debug|Any CPU.Build.0 = Debug|Any CPU
		{CC8BF35B-23AD-4A43-8176-00BD7B394731}.Release|Any CPU.ActiveCfg = Release|Any CPU
		{CC8BF35B-23AD-4A43-8176-00BD7B394731}.Release|Any CPU.Build.0 = Release|Any CPU
		{811E46D2-384A-4708-98CA-16A4C948E52D}.Debug|Any CPU.ActiveCfg = Debug|Any CPU
		{811E46D2-384A-4708-98CA-16A4C948E52D}.Debug|Any CPU.Build.0 = Debug|Any CPU
		{811E46D2-384A-4708-98CA-16A4C948E52D}.Release|Any CPU.ActiveCfg = Release|Any CPU
		{811E46D2-384A-4708-98CA-16A4C948E52D}.Release|Any CPU.Build.0 = Release|Any CPU
		{87BFE1D0-1893-4228-B3C8-663CAAE8BD23}.Debug|Any CPU.ActiveCfg = Debug|Any CPU
		{87BFE1D0-1893-4228-B3C8-663CAAE8BD23}.Debug|Any CPU.Build.0 = Debug|Any CPU
		{87BFE1D0-1893-4228-B3C8-663CAAE8BD23}.Release|Any CPU.ActiveCfg = Release|Any CPU
		{87BFE1D0-1893-4228-B3C8-663CAAE8BD23}.Release|Any CPU.Build.0 = Release|Any CPU
		{CCD43EA4-EC40-4DF9-B34C-C023A169FB54}.Debug|Any CPU.ActiveCfg = Debug|Any CPU
		{CCD43EA4-EC40-4DF9-B34C-C023A169FB54}.Debug|Any CPU.Build.0 = Debug|Any CPU
		{CCD43EA4-EC40-4DF9-B34C-C023A169FB54}.Release|Any CPU.ActiveCfg = Release|Any CPU
		{CCD43EA4-EC40-4DF9-B34C-C023A169FB54}.Release|Any CPU.Build.0 = Release|Any CPU
		{A478AD9D-C770-4E77-863F-0937C7A64015}.Debug|Any CPU.ActiveCfg = Debug|Any CPU
		{A478AD9D-C770-4E77-863F-0937C7A64015}.Debug|Any CPU.Build.0 = Debug|Any CPU
		{A478AD9D-C770-4E77-863F-0937C7A64015}.Release|Any CPU.ActiveCfg = Release|Any CPU
		{A478AD9D-C770-4E77-863F-0937C7A64015}.Release|Any CPU.Build.0 = Release|Any CPU
	EndGlobalSection
	GlobalSection(SolutionProperties) = preSolution
		HideSolutionNode = FALSE
	EndGlobalSection
	GlobalSection(NestedProjects) = preSolution
		{29004371-6F9B-4E9A-9E30-9131757FAEB6} = {02EA681E-C7D8-13C7-8484-4AC65E1B71E8}
		{A46F94ED-B3CD-4CDB-8E8C-E9E34C4475E4} = {785E8C06-8D36-4999-8F1D-9EEAE7295CFF}
		{CC8BF35B-23AD-4A43-8176-00BD7B394731} = {1420B8C2-464E-473B-826F-7C5B1D6EDC96}
		{811E46D2-384A-4708-98CA-16A4C948E52D} = {A53817BA-AFCC-438A-849E-2A9997D5A253}
		{87BFE1D0-1893-4228-B3C8-663CAAE8BD23} = {8767C4D1-EC1D-4667-B194-031175EA0AC8}
		{CCD43EA4-EC40-4DF9-B34C-C023A169FB54} = {9C098036-A405-4CA6-9CC7-3A8A7BE265C0}
	EndGlobalSection
	GlobalSection(ExtensibilityGlobals) = postSolution
		SolutionGuid = {1F27FD23-ED6F-48E0-A7AA-F0F1122C41B7}
	EndGlobalSection
EndGlobal
